# THIS IS AN AUTOGENERATED FILE. DO NOT EDIT THIS FILE DIRECTLY.
# yarn lockfile v1


"@discordjs/builders@^1.14.1":
  version "1.14.1"
  resolved "https://registry.yarnpkg.com/@discordjs/builders/-/builders-1.14.1.tgz#c0ec04f3ae7a584296bfd1dccdda59bf580a0c89"
  integrity sha512-gSKkhXLqs96TCzk66VZuHHl8z2bQMJFGwrXC0f33ngK+FLNau4hU1PYny3DNJfNdSH+gVMzE85/d5FQ2BpcNwQ==
  dependencies:
    "@discordjs/formatters" "^0.6.2"
    "@discordjs/util" "^1.2.0"
    "@sapphire/shapeshift" "^4.0.0"
    discord-api-types "^0.38.40"
    fast-deep-equal "^3.1.3"
    ts-mixer "^6.0.4"
    tslib "^2.6.3"

"@discordjs/collection@1.5.3":
  version "1.5.3"
  resolved "https://registry.yarnpkg.com/@discordjs/collection/-/collection-1.5.3.tgz#5a1250159ebfff9efa4f963cfa7e97f1b291be18"
  integrity sha512-SVb428OMd3WO1paV3rm6tSjM4wC+Kecaa1EUGX7vc6/fddvw/6lg90z4QtCqm21zvVe92vMMDt9+DkIvjXImQQ==

"@discordjs/collection@^2.1.0", "@discordjs/collection@^2.1.1":
  version "2.1.1"
  resolved "https://registry.yarnpkg.com/@discordjs/collection/-/collection-2.1.1.tgz#901917bc538c12b9c3613036d317847baee08cae"
  integrity sha512-LiSusze9Tc7qF03sLCujF5iZp7K+vRNEDBZ86FT9aQAv3vxMLihUvKvpsCWiQ2DJq1tVckopKm1rxomgNUc9hg==

"@discordjs/formatters@^0.6.2":
  version "0.6.2"
  resolved "https://registry.yarnpkg.com/@discordjs/formatters/-/formatters-0.6.2.tgz#93c4a213ceb49c9a28e8adb65d50a027579b8c30"
  integrity sha512-y4UPwWhH6vChKRkGdMB4odasUbHOUwy7KL+OVwF86PvT6QVOwElx+TiI1/6kcmcEe+g5YRXJFiXSXUdabqZOvQ==
  dependencies:
    discord-api-types "^0.38.33"

"@discordjs/rest@^2.5.1", "@discordjs/rest@^2.6.2":
  version "2.6.3"
  resolved "https://registry.yarnpkg.com/@discordjs/rest/-/rest-2.6.3.tgz#607dea40d038301654d6f57d8e7b07a4149f43f2"
  integrity sha512-wvOylxNYJkwKjctS/Mn5GP1w9r3/rzyH+ThD1JlAca6zEdlHs8QWBBUQJpU5Q+W6DoIj/Ljh1IPlZs7hTU+UAg==
  dependencies:
    "@discordjs/collection" "^2.1.1"
    "@discordjs/util" "^1.2.0"
    "@sapphire/async-queue" "^1.5.3"
    "@sapphire/snowflake" "^3.5.5"
    "@vladfrangu/async_event_emitter" "^2.4.6"
    discord-api-types "^0.38.50"
    magic-bytes.js "^1.13.0"
    tslib "^2.6.3"
    undici "^6.27.0"

"@discordjs/util@^1.1.0", "@discordjs/util@^1.2.0":
  version "1.2.0"
  resolved "https://registry.yarnpkg.com/@discordjs/util/-/util-1.2.0.tgz#a45a2b643423094eb6378060c623f4d3e6d593d4"
  integrity sha512-3LKP7F2+atl9vJFhaBjn4nOaSWahZ/yWjOvA4e5pnXkt2qyXRCHLxoBQy81GFtLGCq7K9lPm9R517M1U+/90Qg==
  dependencies:
    discord-api-types "^0.38.33"

"@discordjs/ws@^1.2.3":
  version "1.2.3"
  resolved "https://registry.yarnpkg.com/@discordjs/ws/-/ws-1.2.3.tgz#7cf80d8528366c6810c02b43ca49958ef154c3d4"
  integrity sha512-wPlQDxEmlDg5IxhJPuxXr3Vy9AjYq5xCvFWGJyD7w7Np8ZGu+Mc+97LCoEc/+AYCo2IDpKioiH0/c/mj5ZR9Uw==
  dependencies:
    "@discordjs/collection" "^2.1.0"
    "@discordjs/rest" "^2.5.1"
    "@discordjs/util" "^1.1.0"
    "@sapphire/async-queue" "^1.5.2"
    "@types/ws" "^8.5.10"
    "@vladfrangu/async_event_emitter" "^2.2.4"
    discord-api-types "^0.38.1"
    tslib "^2.6.2"
    ws "^8.17.0"

"@sapphire/async-queue@^1.5.2", "@sapphire/async-queue@^1.5.3":
  version "1.5.5"
  resolved "https://registry.yarnpkg.com/@sapphire/async-queue/-/async-queue-1.5.5.tgz#2b18d402bb920b65b13ad4ed8dfb6c386300dd84"
  integrity sha512-cvGzxbba6sav2zZkH8GPf2oGk9yYoD5qrNWdu9fRehifgnFZJMV+nuy2nON2roRO4yQQ+v7MK/Pktl/HgfsUXg==

"@sapphire/shapeshift@^4.0.0":
  version "4.0.0"
  resolved "https://registry.yarnpkg.com/@sapphire/shapeshift/-/shapeshift-4.0.0.tgz#86c1b41002ff5d0b2ad21cbc3418b06834b89040"
  integrity sha512-d9dUmWVA7MMiKobL3VpLF8P2aeanRTu6ypG2OIaEv/ZHH/SUQ2iHOVyi5wAPjQ+HmnMuL0whK9ez8I/raWbtIg==
  dependencies:
    fast-deep-equal "^3.1.3"
    lodash "^4.17.21"

"@sapphire/snowflake@3.5.5", "@sapphire/snowflake@^3.5.5":
  version "3.5.5"
  resolved "https://registry.yarnpkg.com/@sapphire/snowflake/-/snowflake-3.5.5.tgz#33a60ab4231e3cab29e8a0077f342125f2c8d1bd"
  integrity sha512-xzvBr1Q1c4lCe7i6sRnrofxeO1QTP/LKQ6A6qy0iB4x5yfiSfARMEQEghojzTNALDTcv8En04qYNIco9/K9eZQ==

"@types/node@*":
  version "26.6.4"
  resolved "https://registry.yarnpkg.com/@types/node/-/node-26.6.4.tgz#5aaac1a7337945f7f9a2de4e0d14e7107157e813"
  integrity sha512-ldVPDCzj7fsaGZrLB0NuHuTvJcsNasysBAqMolr/cgxrLd1xbqxIr3XJiPnHHJUCxj5sNF1vnRj9aWnrVh5Jcg==
  dependencies:
    undici-types "~8.9.0"

"@types/ws@^8.5.10":
  version "8.18.2"
  resolved "https://registry.yarnpkg.com/@types/ws/-/ws-8.18.2.tgz#25d6321b30ef0fddf6cc7052b4eef9ce4e412b6e"
  integrity sha512-67MQl+fpWKVTT1NYdnmo3U4sc/xPo/zQBncVnI74qmQa0z/b+1g6iYqNmGCPbxO+zz2aklb08a0oHfegiVd0/w==
  dependencies:
    "@types/node" "*"

"@vladfrangu/async_event_emitter@^2.2.4", "@vladfrangu/async_event_emitter@^2.4.6":
  version "2.4.7"
  resolved "https://registry.yarnpkg.com/@vladfrangu/async_event_emitter/-/async_event_emitter-2.4.7.tgz#5d6db8b20e2a3d729834e7cda429d1b6723ff91b"
  integrity sha512-Xfe6rpCTxSxfbswi/W/Pz7zp1WWSNn4A0eW4mLkQUewCrXXtMj31lCg+iQyTkh/CkusZSq9eDflu7tjEDXUY6g==

discord-api-types@^0.38.1, discord-api-types@^0.38.33, discord-api-types@^0.38.40, discord-api-types@^0.38.49, discord-api-types@^0.38.50:
  version "0.38.56"
  resolved "https://registry.yarnpkg.com/discord-api-types/-/discord-api-types-0.38.56.tgz#29acfac3da0f9dc44c3fb5d0fa185eb6042c2730"
  integrity sha512-Hti4RZsGvF5C7SM8rF2MDHtIm0Hyfrlk84GpEA29nj91tvVVMvX+oQSCodu10t2ZcjFGofq8TX0YyC04B2E69Q==

discord-api-types@^0.38.45:
  version "0.38.47"
  resolved "https://registry.yarnpkg.com/discord-api-types/-/discord-api-types-0.38.47.tgz#34f2dde6ff65d31fc8950b298426d61b46836901"
  integrity sha512-XgXQodHQBAE6kfD7kMvVo30863iHX1LHSqNq6MGUTDwIFCCvHva13+rwxyxVXDqudyApMNAd32PGjgVETi5rjA==

discord.js@^14.13.0, discord.js@^14.26.2:
  version "14.27.0"
  resolved "https://registry.yarnpkg.com/discord.js/-/discord.js-14.27.0.tgz#ef897a352a5d0ba476061e2a552188665e6e2951"
  integrity sha512-qHbFlFG2N7y3LjPySYsL6A1+BnX6bkTVgo842EX0CqVPk/KTMwZkojPHEXKsQUpWZNyz5BISNHK1cPpQw0+m4A==
  dependencies:
    "@discordjs/builders" "^1.14.1"
    "@discordjs/collection" "1.5.3"
    "@discordjs/formatters" "^0.6.2"
    "@discordjs/rest" "^2.6.2"
    "@discordjs/util" "^1.2.0"
    "@discordjs/ws" "^1.2.3"
    "@sapphire/snowflake" "3.5.5"
    discord-api-types "^0.38.49"
    fast-deep-equal "3.1.3"
    lodash.snakecase "4.1.1"
    magic-bytes.js "^1.13.0"
    tslib "^2.6.3"
    undici "^6.27.0"

dsc-pagination@^1.0.21:
  version "1.0.21"
  resolved "https://registry.yarnpkg.com/dsc-pagination/-/dsc-pagination-1.0.21.tgz#91ba3dfe533f53d2b88d42afe94b3f34828957a2"
  integrity sha512-af958JZG1xXH/wZwqZPhpbkeDuChp5XFaclVandBszRzC5tKGN3b6iiG4IU2YC6TrGB5+wDyUeAJvku1mAUBfA==
  dependencies:
    discord.js "^14.13.0"

fast-deep-equal@3.1.3, fast-deep-equal@^3.1.3:
  version "3.1.3"
  resolved "https://registry.yarnpkg.com/fast-deep-equal/-/fast-deep-equal-3.1.3.tgz#3a7d56b559d6cbc3eb512325244e619a65c6c525"
  integrity sha512-f3qQ9oQy9j2AhBe/H9VC91wLmKBCCU/gDOnKNAYG5hswO7BLKj09Hc5HYNz9cGI++xlpDCIgDaitVs03ATR84Q==

lodash.snakecase@4.1.1:
  version "4.1.1"
  resolved "https://registry.yarnpkg.com/lodash.snakecase/-/lodash.snakecase-4.1.1.tgz#39d714a35357147837aefd64b5dcbb16becd8f8d"
  integrity sha512-QZ1d4xoBHYUeuouhEq3lk3Uq7ldgyFXGBhg04+oRLnIz8o9T65Eh+8YdroUwn846zchkA9yDsDl5CVVaV2nqYw==

lodash@^4.17.21:
  version "4.18.1"
  resolved "https://registry.yarnpkg.com/lodash/-/lodash-4.18.1.tgz#ff2b66c1f6326d59513de2407bf881439812771c"
  integrity sha512-dMInicTPVE8d1e5otfwmmjlxkZoUpiVLwyeTdUsi/Caj/gfzzblBcCE5sRHV/AsjuCmxWrte2TNGSYuCeCq+0Q==

magic-bytes.js@^1.13.0:
  version "1.13.1"
  resolved "https://registry.yarnpkg.com/magic-bytes.js/-/magic-bytes.js-1.13.1.tgz#a96bba8c95380064e49b8ac8d53505ad523f2363"
  integrity sha512-x5sn4UX2k5gCWlcfmoFwG4TPie8+dctESyqOBdhB5p6MsgWXdBKGmt9nXPObj/JI50TTL928lc5Yt1WntMn1bw==

prettier@^3.8.2:
  version "3.8.3"
  resolved "https://registry.yarnpkg.com/prettier/-/prettier-3.8.3.tgz#560f2de55bf01b4c0503bc629d5df99b9a1d09b0"
  integrity sha512-7igPTM53cGHMW8xWuVTydi2KO233VFiTNyF5hLJqpilHfmn8C8gPf+PS7dUT64YcXFbiMGZxS9pCSxL/Dxm/Jw==

ts-mixer@^6.0.4:
  version "6.0.4"
  resolved "https://registry.yarnpkg.com/ts-mixer/-/ts-mixer-6.0.4.tgz#1da39ceabc09d947a82140d9f09db0f84919ca28"
  integrity sha512-ufKpbmrugz5Aou4wcr5Wc1UUFWOLhq+Fm6qa6P0w0K5Qw2yhaUoiWszhCVuNQyNwrlGiscHOmqYoAox1PtvgjA==

tsc@^2.0.4:
  version "2.0.4"
  resolved "https://registry.yarnpkg.com/tsc/-/tsc-2.0.4.tgz#5f6499146abea5dca4420b451fa4f2f9345238f5"
  integrity sha512-fzoSieZI5KKJVBYGvwbVZs/J5za84f2lSTLPYf6AGiIf43tZ3GNrI1QzTLcjtyDDP4aLxd46RTZq1nQxe7+k5Q==

tslib@^2.6.2, tslib@^2.6.3, tslib@^2.8.1:
  version "2.8.1"
  resolved "https://registry.yarnpkg.com/tslib/-/tslib-2.8.1.tgz#612efe4ed235d567e8aba5f2a5fab70280ade83f"
  integrity sha512-oJFu94HQb+KVduSUQL7wnpmqnfmLsOA/nAh6b6EH0wCEoK0/mPeXU6c3wKDV83MkOuHPRHtSXKKU99IBazS/2w==

typescript@^6.0.2:
  version "6.0.3"
  resolved "https://registry.yarnpkg.com/typescript/-/typescript-6.0.3.tgz#90251dc007916e972786cb94d74d15b185577d21"
  integrity sha512-y2TvuxSZPDyQakkFRPZHKFm+KKVqIisdg9/CZwm9ftvKXLP8NRWj38/ODjNbr43SsoXqNuAisEf1GdCxqWcdBw==

undici-types@~8.9.0:
  version "8.9.0"
  resolved "https://registry.yarnpkg.com/undici-types/-/undici-types-8.9.0.tgz#e240d97c8b5d85e5347ce73d25865c7906c1ec9f"
  integrity sha512-KTDyRTYX8sWmKXAikPHHSyc63CRPETMctyjKFupcC6OBLXT3xsN0e9aF7m+mIXutFWpUXuedtowG7iLOzp0kQg==

undici@^6.27.0:
  version "6.29.0"
  resolved "https://registry.yarnpkg.com/undici/-/undici-6.29.0.tgz#140fa16e337ac706d6ff12f03fbe5c4357e5f9a3"
  integrity sha512-R+RODBqp6i2pPflGdq+xIOUkl+RNfGgHwoinecKu/JCuf2uO06cOKoDbI2P7Dn6KcswdKwrczbU6IYJ6K8X+wg==

ws@^8.17.0:
  version "8.22.0"
  resolved "https://registry.yarnpkg.com/ws/-/ws-8.22.0.tgz#40f16e1d7588ac0575041be5c49b8eb261c28e73"
  integrity sha512-Ydggc987+RO0AnWtZ/7Wq9FtNvcrL1b/RO0ud9mWjUPgDrsAAwQSF51sm2hm1XofbU/4jkpGEsLFsZZxU+1DOg==
